
Microsoft Visual Studio Solution File, Format Version 12.00
# Visual Studio 2012
Project("{FAE04EC0-301F-11D3-BF4B-00C04F79EFBC}") = "LibTITS", "LibTITS\LibTITS.csproj", "{27F39F92-D6B9-4BF9-B4A1-EAD646181B03}"
EndProject
Project("{FAE04EC0-301F-11D3-BF4B-00C04F79EFBC}") = "ConsoleTITS", "CTITS\ConsoleTITS.csproj", "{15298AA7-4F6D-40EE-A91D-66DAFBDB017E}"
EndProject
Global
	GlobalSection(SolutionConfigurationPlatforms) = preSolution
		Debug|Any CPU = Debug|Any CPU
		Release|Any CPU = Release|Any CPU
	EndGlobalSection
	GlobalSection(ProjectConfigurationPlatforms) = postSolution
		{27F39F92-D6B9-4BF9-B4A1-EAD646181B03}.Debug|Any CPU.ActiveCfg = Debug|Any CPU
		{27F39F92-D6B9-4BF9-B4A1-EAD646181B03}.Debug|Any CPU.Build.0 = Debug|Any CPU
		{27F39F92-D6B9-4BF9-B4A1-EAD646181B03}.Release|Any CPU.ActiveCfg = Release|Any CPU
		{27F39F92-D6B9-4BF9-B4A1-EAD646181B03}.Release|Any CPU.Build.0 = Release|Any CPU
		{15298AA7-4F6D-40EE-A91D-66DAFBDB017E}.Debug|Any CPU.ActiveCfg = Debug|Any CPU
		{15298AA7-4F6D-40EE-A91D-66DAFBDB017E}.Debug|Any CPU.Build.0 = Debug|Any CPU
		{15298AA7-4F6D-40EE-A91D-66DAFBDB017E}.Release|Any CPU.ActiveCfg = Release|Any CPU
		{15298AA7-4F6D-40EE-A91D-66DAFBDB017E}.Release|Any CPU.Build.0 = Release|Any CPU
	EndGlobalSection
	GlobalSection(SolutionProperties) = preSolution
		HideSolutionNode = FALSE
	EndGlobalSection
EndGlobal
